
Microsoft Visual Studio Solution File, Format Version 12.00
# Visual Studio Version 17
VisualStudioVersion = 17.11.35312.102
MinimumVisualStudioVersion = 10.0.40219.1
Project("{9A19103F-16F7-4668-BE54-9A1E7A4F7556}") = "Webshoppen_Gear up", "Webshoppen_Gear up\Webshoppen_Gear up.csproj", "{C00D2FCB-392B-4B51-8F35-3AAC7E8FB64C}"
EndProject
Global
	GlobalSection(SolutionConfigurationPlatforms) = preSolution
		Debug|Any CPU = Debug|Any CPU
		Release|Any CPU = Release|Any CPU
	EndGlobalSection
	GlobalSection(ProjectConfigurationPlatforms) = postSolution
		{C00D2FCB-392B-4B51-8F35-3AAC7E8FB64C}.Debug|Any CPU.ActiveCfg = Debug|Any CPU
		{C00D2FCB-392B-4B51-8F35-3AAC7E8FB64C}.Debug|Any CPU.Build.0 = Debug|Any CPU
		{C00D2FCB-392B-4B51-8F35-3AAC7E8FB64C}.Release|Any CPU.ActiveCfg = Release|Any CPU
		{C00D2FCB-392B-4B51-8F35-3AAC7E8FB64C}.Release|Any CPU.Build.0 = Release|Any CPU
	EndGlobalSection
	GlobalSection(SolutionProperties) = preSolution
		HideSolutionNode = FALSE
	EndGlobalSection
	GlobalSection(ExtensibilityGlobals) = postSolution
		SolutionGuid = {80BC56BE-4C90-4DB5-95CE-1783F2B4E896}
	EndGlobalSection
EndGlobal
